
Microsoft Visual Studio Solution File, Format Version 12.00
Project("{FAE04EC0-301F-11D3-BF4B-00C04F79EFBC}") = "Dogshouseservice.Api", "Dogshouseservice.Api\Dogshouseservice.Api.csproj", "{C55EB346-A8A6-493C-A452-D282A4739B33}"
EndProject
Project("{FAE04EC0-301F-11D3-BF4B-00C04F79EFBC}") = "Dogshouseservice.Contracts", "Dogshouseservice.Contracts\Dogshouseservice.Contracts.csproj", "{9E621861-3D49-4187-880A-2EDBFF554B93}"
EndProject
Project("{FAE04EC0-301F-11D3-BF4B-00C04F79EFBC}") = "Dogshouseservice.Infrastructure", "Dogshouseservice.Infrastructure\Dogshouseservice.Infrastructure.csproj", "{57863666-356A-4B37-B78E-87B11A72B531}"
EndProject
Project("{FAE04EC0-301F-11D3-BF4B-00C04F79EFBC}") = "Dogshouseservice.Application", "Dogshouseservice.Application\Dogshouseservice.Application.csproj", "{8E557E73-1783-4A94-B7FE-7F1DB4B5CF8B}"
EndProject
Project("{FAE04EC0-301F-11D3-BF4B-00C04F79EFBC}") = "Dogshouseservice.Domain", "Dogshouseservice.Domain\Dogshouseservice.Domain.csproj", "{9B0E5178-85A9-435F-8018-7FDC1D7AA50B}"
EndProject
Project("{FAE04EC0-301F-11D3-BF4B-00C04F79EFBC}") = "Dogshouseservice.Tests", "Dogshouseservice.Tests\Dogshouseservice.Tests.csproj", "{E8978E4D-921E-45C7-B16D-D8C0E8E0795F}"
EndProject
Global
	GlobalSection(SolutionConfigurationPlatforms) = preSolution
		Debug|Any CPU = Debug|Any CPU
		Release|Any CPU = Release|Any CPU
	EndGlobalSection
	GlobalSection(ProjectConfigurationPlatforms) = postSolution
		{C55EB346-A8A6-493C-A452-D282A4739B33}.Debug|Any CPU.ActiveCfg = Debug|Any CPU
		{C55EB346-A8A6-493C-A452-D282A4739B33}.Debug|Any CPU.Build.0 = Debug|Any CPU
		{C55EB346-A8A6-493C-A452-D282A4739B33}.Release|Any CPU.ActiveCfg = Release|Any CPU
		{C55EB346-A8A6-493C-A452-D282A4739B33}.Release|Any CPU.Build.0 = Release|Any CPU
		{9E621861-3D49-4187-880A-2EDBFF554B93}.Debug|Any CPU.ActiveCfg = Debug|Any CPU
		{9E621861-3D49-4187-880A-2EDBFF554B93}.Debug|Any CPU.Build.0 = Debug|Any CPU
		{9E621861-3D49-4187-880A-2EDBFF554B93}.Release|Any CPU.ActiveCfg = Release|Any CPU
		{9E621861-3D49-4187-880A-2EDBFF554B93}.Release|Any CPU.Build.0 = Release|Any CPU
		{57863666-356A-4B37-B78E-87B11A72B531}.Debug|Any CPU.ActiveCfg = Debug|Any CPU
		{57863666-356A-4B37-B78E-87B11A72B531}.Debug|Any CPU.Build.0 = Debug|Any CPU
		{57863666-356A-4B37-B78E-87B11A72B531}.Release|Any CPU.ActiveCfg = Release|Any CPU
		{57863666-356A-4B37-B78E-87B11A72B531}.Release|Any CPU.Build.0 = Release|Any CPU
		{8E557E73-1783-4A94-B7FE-7F1DB4B5CF8B}.Debug|Any CPU.ActiveCfg = Debug|Any CPU
		{8E557E73-1783-4A94-B7FE-7F1DB4B5CF8B}.Debug|Any CPU.Build.0 = Debug|Any CPU
		{8E557E73-1783-4A94-B7FE-7F1DB4B5CF8B}.Release|Any CPU.ActiveCfg = Release|Any CPU
		{8E557E73-1783-4A94-B7FE-7F1DB4B5CF8B}.Release|Any CPU.Build.0 = Release|Any CPU
		{9B0E5178-85A9-435F-8018-7FDC1D7AA50B}.Debug|Any CPU.ActiveCfg = Debug|Any CPU
		{9B0E5178-85A9-435F-8018-7FDC1D7AA50B}.Debug|Any CPU.Build.0 = Debug|Any CPU
		{9B0E5178-85A9-435F-8018-7FDC1D7AA50B}.Release|Any CPU.ActiveCfg = Release|Any CPU
		{9B0E5178-85A9-435F-8018-7FDC1D7AA50B}.Release|Any CPU.Build.0 = Release|Any CPU
		{E8978E4D-921E-45C7-B16D-D8C0E8E0795F}.Debug|Any CPU.ActiveCfg = Debug|Any CPU
		{E8978E4D-921E-45C7-B16D-D8C0E8E0795F}.Debug|Any CPU.Build.0 = Debug|Any CPU
		{E8978E4D-921E-45C7-B16D-D8C0E8E0795F}.Release|Any CPU.ActiveCfg = Release|Any CPU
		{E8978E4D-921E-45C7-B16D-D8C0E8E0795F}.Release|Any CPU.Build.0 = Release|Any CPU
	EndGlobalSection
EndGlobal
